
Microsoft Visual Studio Solution File, Format Version 12.00
# Visual Studio Version 17
VisualStudioVersion = 17.5.33530.505
MinimumVisualStudioVersion = 10.0.40219.1
Project("{FAE04EC0-301F-11D3-BF4B-00C04F79EFBC}") = "TextToNumericConverter", "TextToNumericConverter\TextToNumericConverter.csproj", "{90661AE5-98A3-45F8-B20E-F26BBA2ABD1D}"
EndProject
Global
	GlobalSection(SolutionConfigurationPlatforms) = preSolution
		Debug|Any CPU = Debug|Any CPU
		Release|Any CPU = Release|Any CPU
	EndGlobalSection
	GlobalSection(ProjectConfigurationPlatforms) = postSolution
		{90661AE5-98A3-45F8-B20E-F26BBA2ABD1D}.Debug|Any CPU.ActiveCfg = Debug|Any CPU
		{90661AE5-98A3-45F8-B20E-F26BBA2ABD1D}.Debug|Any CPU.Build.0 = Debug|Any CPU
		{90661AE5-98A3-45F8-B20E-F26BBA2ABD1D}.Release|Any CPU.ActiveCfg = Release|Any CPU
		{90661AE5-98A3-45F8-B20E-F26BBA2ABD1D}.Release|Any CPU.Build.0 = Release|Any CPU
	EndGlobalSection
	GlobalSection(SolutionProperties) = preSolution
		HideSolutionNode = FALSE
	EndGlobalSection
	GlobalSection(ExtensibilityGlobals) = postSolution
		SolutionGuid = {042F986C-94AA-4FC8-A7AC-E43C5C736A5E}
	EndGlobalSection
EndGlobal
